
Microsoft Visual Studio Solution File, Format Version 12.00
# Visual Studio 2012
Project("{8BC9CEB8-8B4A-11D0-8D11-00A0C91BC942}") = "game", "game.vcxproj", "{80B7DA8E-D97A-410E-A5C2-142A25B25130}"
	ProjectSection(ProjectDependencies) = postProject
		{BF660D1F-14AB-4A3C-9552-7FE58BD32015} = {BF660D1F-14AB-4A3C-9552-7FE58BD32015}
	EndProjectSection
EndProject
Project("{2150E333-8FDC-42A3-9474-1A3956D46DE8}") = "external", "external", "{D966E973-7206-4EAD-AA1B-E382F198888E}"
EndProject
Project("{8BC9CEB8-8B4A-11D0-8D11-00A0C91BC942}") = "DirectXTK_Desktop_2012", "..\engine\external\directxtk\DirectXTK_Desktop_2012.vcxproj", "{E0B52AE7-E160-4D32-BF3F-910B785E5A8E}"
EndProject
Project("{8BC9CEB8-8B4A-11D0-8D11-00A0C91BC942}") = "unittests", "..\unittests\unittests.vcxproj", "{B9267FF8-B237-455C-9D68-DAEFFBDC9975}"
	ProjectSection(ProjectDependencies) = postProject
		{DFE7D651-CD73-4488-B68A-909FB537801F} = {DFE7D651-CD73-4488-B68A-909FB537801F}
		{BD049AF3-23B3-4100-ADD5-FE64E4E4697F} = {BD049AF3-23B3-4100-ADD5-FE64E4E4697F}
	EndProjectSection
EndProject
Project("{8BC9CEB8-8B4A-11D0-8D11-00A0C91BC942}") = "engine.ui", "..\engine\engine\engine.ui\engine.ui.vcxproj", "{DFE7D651-CD73-4488-B68A-909FB537801F}"
	ProjectSection(ProjectDependencies) = postProject
		{E484F35D-31CA-43BC-B01C-B3337A9729B4} = {E484F35D-31CA-43BC-B01C-B3337A9729B4}
		{BD049AF3-23B3-4100-ADD5-FE64E4E4697F} = {BD049AF3-23B3-4100-ADD5-FE64E4E4697F}
	EndProjectSection
EndProject
Project("{8BC9CEB8-8B4A-11D0-8D11-00A0C91BC942}") = "engine.render", "..\engine\engine\engine.render\engine.render.vcxproj", "{6570F5C8-1978-402F-BCBB-3BD20AB7BE27}"
	ProjectSection(ProjectDependencies) = postProject
		{E0B52AE7-E160-4D32-BF3F-910B785E5A8E} = {E0B52AE7-E160-4D32-BF3F-910B785E5A8E}
		{BD049AF3-23B3-4100-ADD5-FE64E4E4697F} = {BD049AF3-23B3-4100-ADD5-FE64E4E4697F}
	EndProjectSection
EndProject
Project("{8BC9CEB8-8B4A-11D0-8D11-00A0C91BC942}") = "engine.math", "..\engine\engine\engine.math\engine.math.vcxproj", "{E484F35D-31CA-43BC-B01C-B3337A9729B4}"
	ProjectSection(ProjectDependencies) = postProject
		{BD049AF3-23B3-4100-ADD5-FE64E4E4697F} = {BD049AF3-23B3-4100-ADD5-FE64E4E4697F}
	EndProjectSection
EndProject
Project("{8BC9CEB8-8B4A-11D0-8D11-00A0C91BC942}") = "engine.core", "..\engine\engine\engine.core\engine.core.vcxproj", "{BD049AF3-23B3-4100-ADD5-FE64E4E4697F}"
EndProject
Project("{8BC9CEB8-8B4A-11D0-8D11-00A0C91BC942}") = "game.prototype", "..\game.prototype\game.prototype.vcxproj", "{9EC0C7A5-5B58-4F09-9DAA-F8BB22C04484}"
	ProjectSection(ProjectDependencies) = postProject
		{DDA09F6E-B072-4E15-A914-A38464DCFBA3} = {DDA09F6E-B072-4E15-A914-A38464DCFBA3}
		{371B9FA9-4C90-4AC6-A123-ACED756D6C77} = {371B9FA9-4C90-4AC6-A123-ACED756D6C77}
	EndProjectSection
EndProject
Project("{8BC9CEB8-8B4A-11D0-8D11-00A0C91BC942}") = "DirectXTex", "..\engine\external\directxtex\DirectXTex\DirectXTex_Desktop_2012.vcxproj", "{371B9FA9-4C90-4AC6-A123-ACED756D6C77}"
EndProject
Project("{FAE04EC0-301F-11D3-BF4B-00C04F79EFBC}") = "MakeSpriteFont", "..\engine\external\directxtk\MakeSpriteFont\MakeSpriteFont.csproj", "{7329B02D-C504-482A-A156-181D48CE493C}"
EndProject
Project("{FAE04EC0-301F-11D3-BF4B-00C04F79EFBC}") = "default_game.content", "..\default_game.content\default_game.content.csproj", "{BF660D1F-14AB-4A3C-9552-7FE58BD32015}"
EndProject
Project("{FAE04EC0-301F-11D3-BF4B-00C04F79EFBC}") = "game.prototype.content", "..\game.prototype.content\game.prototype.content.csproj", "{DDA09F6E-B072-4E15-A914-A38464DCFBA3}"
EndProject
Project("{8BC9CEB8-8B4A-11D0-8D11-00A0C91BC942}") = "engine.localization", "..\engine\engine\engine.localization\engine.localization.vcxproj", "{AC471D71-ECC0-4E0D-AB40-2C29847C0E73}"
EndProject
Global
	GlobalSection(SolutionConfigurationPlatforms) = preSolution
		Debug|Any CPU = Debug|Any CPU
		Debug|Mixed Platforms = Debug|Mixed Platforms
		Debug|Win32 = Debug|Win32
		Debug|x64 = Debug|x64
		Final|Any CPU = Final|Any CPU
		Final|Mixed Platforms = Final|Mixed Platforms
		Final|Win32 = Final|Win32
		Final|x64 = Final|x64
		Profile|Any CPU = Profile|Any CPU
		Profile|Mixed Platforms = Profile|Mixed Platforms
		Profile|Win32 = Profile|Win32
		Profile|x64 = Profile|x64
		Release|Any CPU = Release|Any CPU
		Release|Mixed Platforms = Release|Mixed Platforms
		Release|Win32 = Release|Win32
		Release|x64 = Release|x64
	EndGlobalSection
	GlobalSection(ProjectConfigurationPlatforms) = postSolution
		{80B7DA8E-D97A-410E-A5C2-142A25B25130}.Debug|Any CPU.ActiveCfg = Debug|Win32
		{80B7DA8E-D97A-410E-A5C2-142A25B25130}.Debug|Mixed Platforms.ActiveCfg = Debug|Win32
		{80B7DA8E-D97A-410E-A5C2-142A25B25130}.Debug|Mixed Platforms.Build.0 = Debug|Win32
		{80B7DA8E-D97A-410E-A5C2-142A25B25130}.Debug|Win32.ActiveCfg = Debug|Win32
		{80B7DA8E-D97A-410E-A5C2-142A25B25130}.Debug|Win32.Build.0 = Debug|Win32
		{80B7DA8E-D97A-410E-A5C2-142A25B25130}.Debug|x64.ActiveCfg = Debug|x64
		{80B7DA8E-D97A-410E-A5C2-142A25B25130}.Debug|x64.Build.0 = Debug|x64
		{80B7DA8E-D97A-410E-A5C2-142A25B25130}.Final|Any CPU.ActiveCfg = Final|Win32
		{80B7DA8E-D97A-410E-A5C2-142A25B25130}.Final|Mixed Platforms.ActiveCfg = Final|Win32
		{80B7DA8E-D97A-410E-A5C2-142A25B25130}.Final|Mixed Platforms.Build.0 = Final|Win32
		{80B7DA8E-D97A-410E-A5C2-142A25B25130}.Final|Win32.ActiveCfg = Final|Win32
		{80B7DA8E-D97A-410E-A5C2-142A25B25130}.Final|Win32.Build.0 = Final|Win32
		{80B7DA8E-D97A-410E-A5C2-142A25B25130}.Final|x64.ActiveCfg = Final|x64
		{80B7DA8E-D97A-410E-A5C2-142A25B25130}.Final|x64.Build.0 = Final|x64
		{80B7DA8E-D97A-410E-A5C2-142A25B25130}.Profile|Any CPU.ActiveCfg = Release|Win32
		{80B7DA8E-D97A-410E-A5C2-142A25B25130}.Profile|Mixed Platforms.ActiveCfg = Release|Win32
		{80B7DA8E-D97A-410E-A5C2-142A25B25130}.Profile|Mixed Platforms.Build.0 = Release|Win32
		{80B7DA8E-D97A-410E-A5C2-142A25B25130}.Profile|Win32.ActiveCfg = Release|Win32
		{80B7DA8E-D97A-410E-A5C2-142A25B25130}.Profile|Win32.Build.0 = Release|Win32
		{80B7DA8E-D97A-410E-A5C2-142A25B25130}.Profile|x64.ActiveCfg = Release|x64
		{80B7DA8E-D97A-410E-A5C2-142A25B25130}.Profile|x64.Build.0 = Release|x64
		{80B7DA8E-D97A-410E-A5C2-142A25B25130}.Release|Any CPU.ActiveCfg = Release|Win32
		{80B7DA8E-D97A-410E-A5C2-142A25B25130}.Release|Mixed Platforms.ActiveCfg = Release|Win32
		{80B7DA8E-D97A-410E-A5C2-142A25B25130}.Release|Mixed Platforms.Build.0 = Release|Win32
		{80B7DA8E-D97A-410E-A5C2-142A25B25130}.Release|Win32.ActiveCfg = Release|Win32
		{80B7DA8E-D97A-410E-A5C2-142A25B25130}.Release|Win32.Build.0 = Release|Win32
		{80B7DA8E-D97A-410E-A5C2-142A25B25130}.Release|x64.ActiveCfg = Release|x64
		{80B7DA8E-D97A-410E-A5C2-142A25B25130}.Release|x64.Build.0 = Release|x64
		{E0B52AE7-E160-4D32-BF3F-910B785E5A8E}.Debug|Any CPU.ActiveCfg = Debug|Win32
		{E0B52AE7-E160-4D32-BF3F-910B785E5A8E}.Debug|Mixed Platforms.ActiveCfg = Debug|Win32
		{E0B52AE7-E160-4D32-BF3F-910B785E5A8E}.Debug|Mixed Platforms.Build.0 = Debug|Win32
		{E0B52AE7-E160-4D32-BF3F-910B785E5A8E}.Debug|Win32.ActiveCfg = Debug|Win32
		{E0B52AE7-E160-4D32-BF3F-910B785E5A8E}.Debug|Win32.Build.0 = Debug|Win32
		{E0B52AE7-E160-4D32-BF3F-910B785E5A8E}.Debug|x64.ActiveCfg = Debug|x64
		{E0B52AE7-E160-4D32-BF3F-910B785E5A8E}.Debug|x64.Build.0 = Debug|x64
		{E0B52AE7-E160-4D32-BF3F-910B785E5A8E}.Final|Any CPU.ActiveCfg = Final|Win32
		{E0B52AE7-E160-4D32-BF3F-910B785E5A8E}.Final|Mixed Platforms.ActiveCfg = Final|Win32
		{E0B52AE7-E160-4D32-BF3F-910B785E5A8E}.Final|Mixed Platforms.Build.0 = Final|Win32
		{E0B52AE7-E160-4D32-BF3F-910B785E5A8E}.Final|Win32.ActiveCfg = Final|Win32
		{E0B52AE7-E160-4D32-BF3F-910B785E5A8E}.Final|Win32.Build.0 = Final|Win32
		{E0B52AE7-E160-4D32-BF3F-910B785E5A8E}.Final|x64.ActiveCfg = Final|x64
		{E0B52AE7-E160-4D32-BF3F-910B785E5A8E}.Final|x64.Build.0 = Final|x64
		{E0B52AE7-E160-4D32-BF3F-910B785E5A8E}.Profile|Any CPU.ActiveCfg = Release|Win32
		{E0B52AE7-E160-4D32-BF3F-910B785E5A8E}.Profile|Mixed Platforms.ActiveCfg = Release|Win32
		{E0B52AE7-E160-4D32-BF3F-910B785E5A8E}.Profile|Mixed Platforms.Build.0 = Release|Win32
		{E0B52AE7-E160-4D32-BF3F-910B785E5A8E}.Profile|Win32.ActiveCfg = Release|Win32
		{E0B52AE7-E160-4D32-BF3F-910B785E5A8E}.Profile|Win32.Build.0 = Release|Win32
		{E0B52AE7-E160-4D32-BF3F-910B785E5A8E}.Profile|x64.ActiveCfg = Release|x64
		{E0B52AE7-E160-4D32-BF3F-910B785E5A8E}.Profile|x64.Build.0 = Release|x64
		{E0B52AE7-E160-4D32-BF3F-910B785E5A8E}.Release|Any CPU.ActiveCfg = Release|Win32
		{E0B52AE7-E160-4D32-BF3F-910B785E5A8E}.Release|Mixed Platforms.ActiveCfg = Release|Win32
		{E0B52AE7-E160-4D32-BF3F-910B785E5A8E}.Release|Mixed Platforms.Build.0 = Release|Win32
		{E0B52AE7-E160-4D32-BF3F-910B785E5A8E}.Release|Win32.ActiveCfg = Release|Win32
		{E0B52AE7-E160-4D32-BF3F-910B785E5A8E}.Release|Win32.Build.0 = Release|Win32
		{E0B52AE7-E160-4D32-BF3F-910B785E5A8E}.Release|x64.ActiveCfg = Release|x64
		{E0B52AE7-E160-4D32-BF3F-910B785E5A8E}.Release|x64.Build.0 = Release|x64
		{B9267FF8-B237-455C-9D68-DAEFFBDC9975}.Debug|Any CPU.ActiveCfg = Debug|Win32
		{B9267FF8-B237-455C-9D68-DAEFFBDC9975}.Debug|Mixed Platforms.ActiveCfg = Debug|Win32
		{B9267FF8-B237-455C-9D68-DAEFFBDC9975}.Debug|Mixed Platforms.Build.0 = Debug|Win32
		{B9267FF8-B237-455C-9D68-DAEFFBDC9975}.Debug|Win32.ActiveCfg = Debug|Win32
		{B9267FF8-B237-455C-9D68-DAEFFBDC9975}.Debug|Win32.Build.0 = Debug|Win32
		{B9267FF8-B237-455C-9D68-DAEFFBDC9975}.Debug|x64.ActiveCfg = Debug|x64
		{B9267FF8-B237-455C-9D68-DAEFFBDC9975}.Debug|x64.Build.0 = Debug|x64
		{B9267FF8-B237-455C-9D68-DAEFFBDC9975}.Final|Any CPU.ActiveCfg = Final|Win32
		{B9267FF8-B237-455C-9D68-DAEFFBDC9975}.Final|Mixed Platforms.ActiveCfg = Final|Win32
		{B9267FF8-B237-455C-9D68-DAEFFBDC9975}.Final|Mixed Platforms.Build.0 = Final|Win32
		{B9267FF8-B237-455C-9D68-DAEFFBDC9975}.Final|Win32.ActiveCfg = Final|Win32
		{B9267FF8-B237-455C-9D68-DAEFFBDC9975}.Final|x64.ActiveCfg = Final|x64
		{B9267FF8-B237-455C-9D68-DAEFFBDC9975}.Final|x64.Build.0 = Final|x64
		{B9267FF8-B237-455C-9D68-DAEFFBDC9975}.Profile|Any CPU.ActiveCfg = Release|Win32
		{B9267FF8-B237-455C-9D68-DAEFFBDC9975}.Profile|Mixed Platforms.ActiveCfg = Release|Win32
		{B9267FF8-B237-455C-9D68-DAEFFBDC9975}.Profile|Mixed Platforms.Build.0 = Release|Win32
		{B9267FF8-B237-455C-9D68-DAEFFBDC9975}.Profile|Win32.ActiveCfg = Release|Win32
		{B9267FF8-B237-455C-9D68-DAEFFBDC9975}.Profile|Win32.Build.0 = Release|Win32
		{B9267FF8-B237-455C-9D68-DAEFFBDC9975}.Profile|x64.ActiveCfg = Release|x64
		{B9267FF8-B237-455C-9D68-DAEFFBDC9975}.Profile|x64.Build.0 = Release|x64
		{B9267FF8-B237-455C-9D68-DAEFFBDC9975}.Release|Any CPU.ActiveCfg = Release|Win32
		{B9267FF8-B237-455C-9D68-DAEFFBDC9975}.Release|Mixed Platforms.ActiveCfg = Release|Win32
		{B9267FF8-B237-455C-9D68-DAEFFBDC9975}.Release|Mixed Platforms.Build.0 = Release|Win32
		{B9267FF8-B237-455C-9D68-DAEFFBDC9975}.Release|Win32.ActiveCfg = Release|Win32
		{B9267FF8-B237-455C-9D68-DAEFFBDC9975}.Release|Win32.Build.0 = Release|Win32
		{B9267FF8-B237-455C-9D68-DAEFFBDC9975}.Release|x64.ActiveCfg = Release|x64
		{B9267FF8-B237-455C-9D68-DAEFFBDC9975}.Release|x64.Build.0 = Release|x64
		{DFE7D651-CD73-4488-B68A-909FB537801F}.Debug|Any CPU.ActiveCfg = Debug|Win32
		{DFE7D651-CD73-4488-B68A-909FB537801F}.Debug|Mixed Platforms.ActiveCfg = Debug|Win32
		{DFE7D651-CD73-4488-B68A-909FB537801F}.Debug|Mixed Platforms.Build.0 = Debug|Win32
		{DFE7D651-CD73-4488-B68A-909FB537801F}.Debug|Win32.ActiveCfg = Debug|Win32
		{DFE7D651-CD73-4488-B68A-909FB537801F}.Debug|Win32.Build.0 = Debug|Win32
		{DFE7D651-CD73-4488-B68A-909FB537801F}.Debug|x64.ActiveCfg = Debug|x64
		{DFE7D651-CD73-4488-B68A-909FB537801F}.Debug|x64.Build.0 = Debug|x64
		{DFE7D651-CD73-4488-B68A-909FB537801F}.Final|Any CPU.ActiveCfg = Final|Win32
		{DFE7D651-CD73-4488-B68A-909FB537801F}.Final|Mixed Platforms.ActiveCfg = Final|Win32
		{DFE7D651-CD73-4488-B68A-909FB537801F}.Final|Mixed Platforms.Build.0 = Final|Win32
		{DFE7D651-CD73-4488-B68A-909FB537801F}.Final|Win32.ActiveCfg = Final|Win32
		{DFE7D651-CD73-4488-B68A-909FB537801F}.Final|Win32.Build.0 = Final|Win32
		{DFE7D651-CD73-4488-B68A-909FB537801F}.Final|x64.ActiveCfg = Final|x64
		{DFE7D651-CD73-4488-B68A-909FB537801F}.Final|x64.Build.0 = Final|x64
		{DFE7D651-CD73-4488-B68A-909FB537801F}.Profile|Any CPU.ActiveCfg = Release|Win32
		{DFE7D651-CD73-4488-B68A-909FB537801F}.Profile|Mixed Platforms.ActiveCfg = Release|Win32
		{DFE7D651-CD73-4488-B68A-909FB537801F}.Profile|Mixed Platforms.Build.0 = Release|Win32
		{DFE7D651-CD73-4488-B68A-909FB537801F}.Profile|Win32.ActiveCfg = Release|Win32
		{DFE7D651-CD73-4488-B68A-909FB537801F}.Profile|Win32.Build.0 = Release|Win32
		{DFE7D651-CD73-4488-B68A-909FB537801F}.Profile|x64.ActiveCfg = Release|x64
		{DFE7D651-CD73-4488-B68A-909FB537801F}.Profile|x64.Build.0 = Release|x64
		{DFE7D651-CD73-4488-B68A-909FB537801F}.Release|Any CPU.ActiveCfg = Release|Win32
		{DFE7D651-CD73-4488-B68A-909FB537801F}.Release|Mixed Platforms.ActiveCfg = Release|Win32
		{DFE7D651-CD73-4488-B68A-909FB537801F}.Release|Mixed Platforms.Build.0 = Release|Win32
		{DFE7D651-CD73-4488-B68A-909FB537801F}.Release|Win32.ActiveCfg = Release|Win32
		{DFE7D651-CD73-4488-B68A-909FB537801F}.Release|Win32.Build.0 = Release|Win32
		{DFE7D651-CD73-4488-B68A-909FB537801F}.Release|x64.ActiveCfg = Release|x64
		{DFE7D651-CD73-4488-B68A-909FB537801F}.Release|x64.Build.0 = Release|x64
		{6570F5C8-1978-402F-BCBB-3BD20AB7BE27}.Debug|Any CPU.ActiveCfg = Debug|Win32
		{6570F5C8-1978-402F-BCBB-3BD20AB7BE27}.Debug|Mixed Platforms.ActiveCfg = Debug|Win32
		{6570F5C8-1978-402F-BCBB-3BD20AB7BE27}.Debug|Mixed Platforms.Build.0 = Debug|Win32
		{6570F5C8-1978-402F-BCBB-3BD20AB7BE27}.Debug|Win32.ActiveCfg = Debug|Win32
		{6570F5C8-1978-402F-BCBB-3BD20AB7BE27}.Debug|Win32.Build.0 = Debug|Win32
		{6570F5C8-1978-402F-BCBB-3BD20AB7BE27}.Debug|x64.ActiveCfg = Debug|x64
		{6570F5C8-1978-402F-BCBB-3BD20AB7BE27}.Debug|x64.Build.0 = Debug|x64
		{6570F5C8-1978-402F-BCBB-3BD20AB7BE27}.Final|Any CPU.ActiveCfg = Final|Win32
		{6570F5C8-1978-402F-BCBB-3BD20AB7BE27}.Final|Mixed Platforms.ActiveCfg = Final|Win32
		{6570F5C8-1978-402F-BCBB-3BD20AB7BE27}.Final|Mixed Platforms.Build.0 = Final|Win32
		{6570F5C8-1978-402F-BCBB-3BD20AB7BE27}.Final|Win32.ActiveCfg = Final|Win32
		{6570F5C8-1978-402F-BCBB-3BD20AB7BE27}.Final|Win32.Build.0 = Final|Win32
		{6570F5C8-1978-402F-BCBB-3BD20AB7BE27}.Final|x64.ActiveCfg = Final|x64
		{6570F5C8-1978-402F-BCBB-3BD20AB7BE27}.Final|x64.Build.0 = Final|x64
		{6570F5C8-1978-402F-BCBB-3BD20AB7BE27}.Profile|Any CPU.ActiveCfg = Release|Win32
		{6570F5C8-1978-402F-BCBB-3BD20AB7BE27}.Profile|Mixed Platforms.ActiveCfg = Release|Win32
		{6570F5C8-1978-402F-BCBB-3BD20AB7BE27}.Profile|Mixed Platforms.Build.0 = Release|Win32
		{6570F5C8-1978-402F-BCBB-3BD20AB7BE27}.Profile|Win32.ActiveCfg = Release|Win32
		{6570F5C8-1978-402F-BCBB-3BD20AB7BE27}.Profile|Win32.Build.0 = Release|Win32
		{6570F5C8-1978-402F-BCBB-3BD20AB7BE27}.Profile|x64.ActiveCfg = Release|x64
		{6570F5C8-1978-402F-BCBB-3BD20AB7BE27}.Profile|x64.Build.0 = Release|x64
		{6570F5C8-1978-402F-BCBB-3BD20AB7BE27}.Release|Any CPU.ActiveCfg = Release|Win32
		{6570F5C8-1978-402F-BCBB-3BD20AB7BE27}.Release|Mixed Platforms.ActiveCfg = Release|Win32
		{6570F5C8-1978-402F-BCBB-3BD20AB7BE27}.Release|Mixed Platforms.Build.0 = Release|Win32
		{6570F5C8-1978-402F-BCBB-3BD20AB7BE27}.Release|Win32.ActiveCfg = Release|Win32
		{6570F5C8-1978-402F-BCBB-3BD20AB7BE27}.Release|Win32.Build.0 = Release|Win32
		{6570F5C8-1978-402F-BCBB-3BD20AB7BE27}.Release|x64.ActiveCfg = Release|x64
		{6570F5C8-1978-402F-BCBB-3BD20AB7BE27}.Release|x64.Build.0 = Release|x64
		{E484F35D-31CA-43BC-B01C-B3337A9729B4}.Debug|Any CPU.ActiveCfg = Debug|Win32
		{E484F35D-31CA-43BC-B01C-B3337A9729B4}.Debug|Mixed Platforms.ActiveCfg = Debug|Win32
		{E484F35D-31CA-43BC-B01C-B3337A9729B4}.Debug|Mixed Platforms.Build.0 = Debug|Win32
		{E484F35D-31CA-43BC-B01C-B3337A9729B4}.Debug|Win32.ActiveCfg = Debug|Win32
		{E484F35D-31CA-43BC-B01C-B3337A9729B4}.Debug|Win32.Build.0 = Debug|Win32
		{E484F35D-31CA-43BC-B01C-B3337A9729B4}.Debug|x64.ActiveCfg = Debug|x64
		{E484F35D-31CA-43BC-B01C-B3337A9729B4}.Debug|x64.Build.0 = Debug|x64
		{E484F35D-31CA-43BC-B01C-B3337A9729B4}.Final|Any CPU.ActiveCfg = Final|Win32
		{E484F35D-31CA-43BC-B01C-B3337A9729B4}.Final|Mixed Platforms.ActiveCfg = Final|Win32
		{E484F35D-31CA-43BC-B01C-B3337A9729B4}.Final|Mixed Platforms.Build.0 = Final|Win32
		{E484F35D-31CA-43BC-B01C-B3337A9729B4}.Final|Win32.ActiveCfg = Final|Win32
		{E484F35D-31CA-43BC-B01C-B3337A9729B4}.Final|Win32.Build.0 = Final|Win32
		{E484F35D-31CA-43BC-B01C-B3337A9729B4}.Final|x64.ActiveCfg = Final|x64
		{E484F35D-31CA-43BC-B01C-B3337A9729B4}.Final|x64.Build.0 = Final|x64
		{E484F35D-31CA-43BC-B01C-B3337A9729B4}.Profile|Any CPU.ActiveCfg = Release|Win32
		{E484F35D-31CA-43BC-B01C-B3337A9729B4}.Profile|Mixed Platforms.ActiveCfg = Release|Win32
		{E484F35D-31CA-43BC-B01C-B3337A9729B4}.Profile|Mixed Platforms.Build.0 = Release|Win32
		{E484F35D-31CA-43BC-B01C-B3337A9729B4}.Profile|Win32.ActiveCfg = Release|Win32
		{E484F35D-31CA-43BC-B01C-B3337A9729B4}.Profile|Win32.Build.0 = Release|Win32
		{E484F35D-31CA-43BC-B01C-B3337A9729B4}.Profile|x64.ActiveCfg = Release|x64
		{E484F35D-31CA-43BC-B01C-B3337A9729B4}.Profile|x64.Build.0 = Release|x64
		{E484F35D-31CA-43BC-B01C-B3337A9729B4}.Release|Any CPU.ActiveCfg = Release|Win32
		{E484F35D-31CA-43BC-B01C-B3337A9729B4}.Release|Mixed Platforms.ActiveCfg = Release|Win32
		{E484F35D-31CA-43BC-B01C-B3337A9729B4}.Release|Mixed Platforms.Build.0 = Release|Win32
		{E484F35D-31CA-43BC-B01C-B3337A9729B4}.Release|Win32.ActiveCfg = Release|Win32
		{E484F35D-31CA-43BC-B01C-B3337A9729B4}.Release|Win32.Build.0 = Release|Win32
		{E484F35D-31CA-43BC-B01C-B3337A9729B4}.Release|x64.ActiveCfg = Release|x64
		{E484F35D-31CA-43BC-B01C-B3337A9729B4}.Release|x64.Build.0 = Release|x64
		{BD049AF3-23B3-4100-ADD5-FE64E4E4697F}.Debug|Any CPU.ActiveCfg = Debug|Win32
		{BD049AF3-23B3-4100-ADD5-FE64E4E4697F}.Debug|Mixed Platforms.ActiveCfg = Debug|Win32
		{BD049AF3-23B3-4100-ADD5-FE64E4E4697F}.Debug|Mixed Platforms.Build.0 = Debug|Win32
		{BD049AF3-23B3-4100-ADD5-FE64E4E4697F}.Debug|Win32.ActiveCfg = Debug|Win32
		{BD049AF3-23B3-4100-ADD5-FE64E4E4697F}.Debug|Win32.Build.0 = Debug|Win32
		{BD049AF3-23B3-4100-ADD5-FE64E4E4697F}.Debug|x64.ActiveCfg = Debug|x64
		{BD049AF3-23B3-4100-ADD5-FE64E4E4697F}.Debug|x64.Build.0 = Debug|x64
		{BD049AF3-23B3-4100-ADD5-FE64E4E4697F}.Final|Any CPU.ActiveCfg = Release|Win32
		{BD049AF3-23B3-4100-ADD5-FE64E4E4697F}.Final|Mixed Platforms.ActiveCfg = Final|Win32
		{BD049AF3-23B3-4100-ADD5-FE64E4E4697F}.Final|Mixed Platforms.Build.0 = Final|Win32
		{BD049AF3-23B3-4100-ADD5-FE64E4E4697F}.Final|Win32.ActiveCfg = Final|Win32
		{BD049AF3-23B3-4100-ADD5-FE64E4E4697F}.Final|Win32.Build.0 = Final|Win32
		{BD049AF3-23B3-4100-ADD5-FE64E4E4697F}.Final|x64.ActiveCfg = Release|x64
		{BD049AF3-23B3-4100-ADD5-FE64E4E4697F}.Profile|Any CPU.ActiveCfg = Final|Win32
		{BD049AF3-23B3-4100-ADD5-FE64E4E4697F}.Profile|Mixed Platforms.ActiveCfg = Final|Win32
		{BD049AF3-23B3-4100-ADD5-FE64E4E4697F}.Profile|Mixed Platforms.Build.0 = Final|Win32
		{BD049AF3-23B3-4100-ADD5-FE64E4E4697F}.Profile|Win32.ActiveCfg = Final|Win32
		{BD049AF3-23B3-4100-ADD5-FE64E4E4697F}.Profile|Win32.Build.0 = Final|Win32
		{BD049AF3-23B3-4100-ADD5-FE64E4E4697F}.Profile|x64.ActiveCfg = Final|x64
		{BD049AF3-23B3-4100-ADD5-FE64E4E4697F}.Profile|x64.Build.0 = Final|x64
		{BD049AF3-23B3-4100-ADD5-FE64E4E4697F}.Release|Any CPU.ActiveCfg = Release|Win32
		{BD049AF3-23B3-4100-ADD5-FE64E4E4697F}.Release|Mixed Platforms.ActiveCfg = Release|Win32
		{BD049AF3-23B3-4100-ADD5-FE64E4E4697F}.Release|Mixed Platforms.Build.0 = Release|Win32
		{BD049AF3-23B3-4100-ADD5-FE64E4E4697F}.Release|Win32.ActiveCfg = Release|Win32
		{BD049AF3-23B3-4100-ADD5-FE64E4E4697F}.Release|Win32.Build.0 = Release|Win32
		{BD049AF3-23B3-4100-ADD5-FE64E4E4697F}.Release|x64.ActiveCfg = Release|x64
		{9EC0C7A5-5B58-4F09-9DAA-F8BB22C04484}.Debug|Any CPU.ActiveCfg = Debug|Win32
		{9EC0C7A5-5B58-4F09-9DAA-F8BB22C04484}.Debug|Mixed Platforms.ActiveCfg = Debug|Win32
		{9EC0C7A5-5B58-4F09-9DAA-F8BB22C04484}.Debug|Mixed Platforms.Build.0 = Debug|Win32
		{9EC0C7A5-5B58-4F09-9DAA-F8BB22C04484}.Debug|Win32.ActiveCfg = Debug|Win32
		{9EC0C7A5-5B58-4F09-9DAA-F8BB22C04484}.Debug|Win32.Build.0 = Debug|Win32
		{9EC0C7A5-5B58-4F09-9DAA-F8BB22C04484}.Debug|x64.ActiveCfg = Debug|x64
		{9EC0C7A5-5B58-4F09-9DAA-F8BB22C04484}.Debug|x64.Build.0 = Debug|x64
		{9EC0C7A5-5B58-4F09-9DAA-F8BB22C04484}.Final|Any CPU.ActiveCfg = Release|Win32
		{9EC0C7A5-5B58-4F09-9DAA-F8BB22C04484}.Final|Mixed Platforms.ActiveCfg = Release|Win32
		{9EC0C7A5-5B58-4F09-9DAA-F8BB22C04484}.Final|Mixed Platforms.Build.0 = Release|Win32
		{9EC0C7A5-5B58-4F09-9DAA-F8BB22C04484}.Final|Win32.ActiveCfg = Release|Win32
		{9EC0C7A5-5B58-4F09-9DAA-F8BB22C04484}.Final|Win32.Build.0 = Release|Win32
		{9EC0C7A5-5B58-4F09-9DAA-F8BB22C04484}.Final|x64.ActiveCfg = Release|Win32
		{9EC0C7A5-5B58-4F09-9DAA-F8BB22C04484}.Profile|Any CPU.ActiveCfg = Release|Win32
		{9EC0C7A5-5B58-4F09-9DAA-F8BB22C04484}.Profile|Mixed Platforms.ActiveCfg = Release|Win32
		{9EC0C7A5-5B58-4F09-9DAA-F8BB22C04484}.Profile|Mixed Platforms.Build.0 = Release|Win32
		{9EC0C7A5-5B58-4F09-9DAA-F8BB22C04484}.Profile|Win32.ActiveCfg = Release|Win32
		{9EC0C7A5-5B58-4F09-9DAA-F8BB22C04484}.Profile|Win32.Build.0 = Release|Win32
		{9EC0C7A5-5B58-4F09-9DAA-F8BB22C04484}.Profile|x64.ActiveCfg = Release|Win32
		{9EC0C7A5-5B58-4F09-9DAA-F8BB22C04484}.Release|Any CPU.ActiveCfg = Release|Win32
		{9EC0C7A5-5B58-4F09-9DAA-F8BB22C04484}.Release|Mixed Platforms.ActiveCfg = Release|Win32
		{9EC0C7A5-5B58-4F09-9DAA-F8BB22C04484}.Release|Mixed Platforms.Build.0 = Release|Win32
		{9EC0C7A5-5B58-4F09-9DAA-F8BB22C04484}.Release|Win32.ActiveCfg = Release|Win32
		{9EC0C7A5-5B58-4F09-9DAA-F8BB22C04484}.Release|Win32.Build.0 = Release|Win32
		{9EC0C7A5-5B58-4F09-9DAA-F8BB22C04484}.Release|x64.ActiveCfg = Release|Win32
		{371B9FA9-4C90-4AC6-A123-ACED756D6C77}.Debug|Any CPU.ActiveCfg = Debug|Win32
		{371B9FA9-4C90-4AC6-A123-ACED756D6C77}.Debug|Mixed Platforms.ActiveCfg = Debug|Win32
		{371B9FA9-4C90-4AC6-A123-ACED756D6C77}.Debug|Mixed Platforms.Build.0 = Debug|Win32
		{371B9FA9-4C90-4AC6-A123-ACED756D6C77}.Debug|Win32.ActiveCfg = Debug|Win32
		{371B9FA9-4C90-4AC6-A123-ACED756D6C77}.Debug|Win32.Build.0 = Debug|Win32
		{371B9FA9-4C90-4AC6-A123-ACED756D6C77}.Debug|x64.ActiveCfg = Debug|x64
		{371B9FA9-4C90-4AC6-A123-ACED756D6C77}.Debug|x64.Build.0 = Debug|x64
		{371B9FA9-4C90-4AC6-A123-ACED756D6C77}.Final|Any CPU.ActiveCfg = Release|Win32
		{371B9FA9-4C90-4AC6-A123-ACED756D6C77}.Final|Mixed Platforms.ActiveCfg = Profile|Win32
		{371B9FA9-4C90-4AC6-A123-ACED756D6C77}.Final|Mixed Platforms.Build.0 = Profile|Win32
		{371B9FA9-4C90-4AC6-A123-ACED756D6C77}.Final|Win32.ActiveCfg = Release|Win32
		{371B9FA9-4C90-4AC6-A123-ACED756D6C77}.Final|Win32.Build.0 = Release|Win32
		{371B9FA9-4C90-4AC6-A123-ACED756D6C77}.Final|x64.ActiveCfg = Release|x64
		{371B9FA9-4C90-4AC6-A123-ACED756D6C77}.Final|x64.Build.0 = Release|x64
		{371B9FA9-4C90-4AC6-A123-ACED756D6C77}.Profile|Any CPU.ActiveCfg = Profile|Win32
		{371B9FA9-4C90-4AC6-A123-ACED756D6C77}.Profile|Mixed Platforms.ActiveCfg = Profile|Win32
		{371B9FA9-4C90-4AC6-A123-ACED756D6C77}.Profile|Mixed Platforms.Build.0 = Profile|Win32
		{371B9FA9-4C90-4AC6-A123-ACED756D6C77}.Profile|Win32.ActiveCfg = Profile|Win32
		{371B9FA9-4C90-4AC6-A123-ACED756D6C77}.Profile|Win32.Build.0 = Profile|Win32
		{371B9FA9-4C90-4AC6-A123-ACED756D6C77}.Profile|x64.ActiveCfg = Profile|x64
		{371B9FA9-4C90-4AC6-A123-ACED756D6C77}.Profile|x64.Build.0 = Profile|x64
		{371B9FA9-4C90-4AC6-A123-ACED756D6C77}.Release|Any CPU.ActiveCfg = Release|Win32
		{371B9FA9-4C90-4AC6-A123-ACED756D6C77}.Release|Mixed Platforms.ActiveCfg = Release|Win32
		{371B9FA9-4C90-4AC6-A123-ACED756D6C77}.Release|Mixed Platforms.Build.0 = Release|Win32
		{371B9FA9-4C90-4AC6-A123-ACED756D6C77}.Release|Win32.ActiveCfg = Release|Win32
		{371B9FA9-4C90-4AC6-A123-ACED756D6C77}.Release|Win32.Build.0 = Release|Win32
		{371B9FA9-4C90-4AC6-A123-ACED756D6C77}.Release|x64.ActiveCfg = Release|x64
		{371B9FA9-4C90-4AC6-A123-ACED756D6C77}.Release|x64.Build.0 = Release|x64
		{7329B02D-C504-482A-A156-181D48CE493C}.Debug|Any CPU.ActiveCfg = Debug|Any CPU
		{7329B02D-C504-482A-A156-181D48CE493C}.Debug|Any CPU.Build.0 = Debug|Any CPU
		{7329B02D-C504-482A-A156-181D48CE493C}.Debug|Mixed Platforms.ActiveCfg = Debug|Any CPU
		{7329B02D-C504-482A-A156-181D48CE493C}.Debug|Mixed Platforms.Build.0 = Debug|Any CPU
		{7329B02D-C504-482A-A156-181D48CE493C}.Debug|Win32.ActiveCfg = Debug|Any CPU
		{7329B02D-C504-482A-A156-181D48CE493C}.Debug|x64.ActiveCfg = Debug|Any CPU
		{7329B02D-C504-482A-A156-181D48CE493C}.Final|Any CPU.ActiveCfg = Release|Any CPU
		{7329B02D-C504-482A-A156-181D48CE493C}.Final|Any CPU.Build.0 = Release|Any CPU
		{7329B02D-C504-482A-A156-181D48CE493C}.Final|Mixed Platforms.ActiveCfg = Release|Any CPU
		{7329B02D-C504-482A-A156-181D48CE493C}.Final|Mixed Platforms.Build.0 = Release|Any CPU
		{7329B02D-C504-482A-A156-181D48CE493C}.Final|Win32.ActiveCfg = Release|Any CPU
		{7329B02D-C504-482A-A156-181D48CE493C}.Final|x64.ActiveCfg = Release|Any CPU
		{7329B02D-C504-482A-A156-181D48CE493C}.Profile|Any CPU.ActiveCfg = Release|Any CPU
		{7329B02D-C504-482A-A156-181D48CE493C}.Profile|Any CPU.Build.0 = Release|Any CPU
		{7329B02D-C504-482A-A156-181D48CE493C}.Profile|Mixed Platforms.ActiveCfg = Release|Any CPU
		{7329B02D-C504-482A-A156-181D48CE493C}.Profile|Mixed Platforms.Build.0 = Release|Any CPU
		{7329B02D-C504-482A-A156-181D48CE493C}.Profile|Win32.ActiveCfg = Release|Any CPU
		{7329B02D-C504-482A-A156-181D48CE493C}.Profile|x64.ActiveCfg = Release|Any CPU
		{7329B02D-C504-482A-A156-181D48CE493C}.Release|Any CPU.ActiveCfg = Release|Any CPU
		{7329B02D-C504-482A-A156-181D48CE493C}.Release|Any CPU.Build.0 = Release|Any CPU
		{7329B02D-C504-482A-A156-181D48CE493C}.Release|Mixed Platforms.ActiveCfg = Release|Any CPU
		{7329B02D-C504-482A-A156-181D48CE493C}.Release|Mixed Platforms.Build.0 = Release|Any CPU
		{7329B02D-C504-482A-A156-181D48CE493C}.Release|Win32.ActiveCfg = Release|Any CPU
		{7329B02D-C504-482A-A156-181D48CE493C}.Release|x64.ActiveCfg = Release|Any CPU
		{BF660D1F-14AB-4A3C-9552-7FE58BD32015}.Debug|Any CPU.ActiveCfg = Debug|Any CPU
		{BF660D1F-14AB-4A3C-9552-7FE58BD32015}.Debug|Any CPU.Build.0 = Debug|Any CPU
		{BF660D1F-14AB-4A3C-9552-7FE58BD32015}.Debug|Mixed Platforms.ActiveCfg = Debug|Any CPU
		{BF660D1F-14AB-4A3C-9552-7FE58BD32015}.Debug|Mixed Platforms.Build.0 = Debug|Any CPU
		{BF660D1F-14AB-4A3C-9552-7FE58BD32015}.Debug|Win32.ActiveCfg = Debug|Any CPU
		{BF660D1F-14AB-4A3C-9552-7FE58BD32015}.Debug|Win32.Build.0 = Debug|Any CPU
		{BF660D1F-14AB-4A3C-9552-7FE58BD32015}.Debug|x64.ActiveCfg = Debug|Any CPU
		{BF660D1F-14AB-4A3C-9552-7FE58BD32015}.Debug|x64.Build.0 = Debug|Any CPU
		{BF660D1F-14AB-4A3C-9552-7FE58BD32015}.Final|Any CPU.ActiveCfg = Release|Any CPU
		{BF660D1F-14AB-4A3C-9552-7FE58BD32015}.Final|Any CPU.Build.0 = Release|Any CPU
		{BF660D1F-14AB-4A3C-9552-7FE58BD32015}.Final|Mixed Platforms.ActiveCfg = Release|Any CPU
		{BF660D1F-14AB-4A3C-9552-7FE58BD32015}.Final|Mixed Platforms.Build.0 = Release|Any CPU
		{BF660D1F-14AB-4A3C-9552-7FE58BD32015}.Final|Win32.ActiveCfg = Release|Any CPU
		{BF660D1F-14AB-4A3C-9552-7FE58BD32015}.Final|x64.ActiveCfg = Release|Any CPU
		{BF660D1F-14AB-4A3C-9552-7FE58BD32015}.Profile|Any CPU.ActiveCfg = Release|Any CPU
		{BF660D1F-14AB-4A3C-9552-7FE58BD32015}.Profile|Any CPU.Build.0 = Release|Any CPU
		{BF660D1F-14AB-4A3C-9552-7FE58BD32015}.Profile|Mixed Platforms.ActiveCfg = Release|Any CPU
		{BF660D1F-14AB-4A3C-9552-7FE58BD32015}.Profile|Mixed Platforms.Build.0 = Release|Any CPU
		{BF660D1F-14AB-4A3C-9552-7FE58BD32015}.Profile|Win32.ActiveCfg = Release|Any CPU
		{BF660D1F-14AB-4A3C-9552-7FE58BD32015}.Profile|x64.ActiveCfg = Release|Any CPU
		{BF660D1F-14AB-4A3C-9552-7FE58BD32015}.Release|Any CPU.ActiveCfg = Release|Any CPU
		{BF660D1F-14AB-4A3C-9552-7FE58BD32015}.Release|Any CPU.Build.0 = Release|Any CPU
		{BF660D1F-14AB-4A3C-9552-7FE58BD32015}.Release|Mixed Platforms.ActiveCfg = Release|Any CPU
		{BF660D1F-14AB-4A3C-9552-7FE58BD32015}.Release|Mixed Platforms.Build.0 = Release|Any CPU
		{BF660D1F-14AB-4A3C-9552-7FE58BD32015}.Release|Win32.ActiveCfg = Release|Any CPU
		{BF660D1F-14AB-4A3C-9552-7FE58BD32015}.Release|x64.ActiveCfg = Release|Any CPU
		{DDA09F6E-B072-4E15-A914-A38464DCFBA3}.Debug|Any CPU.ActiveCfg = Debug|Any CPU
		{DDA09F6E-B072-4E15-A914-A38464DCFBA3}.Debug|Any CPU.Build.0 = Debug|Any CPU
		{DDA09F6E-B072-4E15-A914-A38464DCFBA3}.Debug|Mixed Platforms.ActiveCfg = Debug|Any CPU
		{DDA09F6E-B072-4E15-A914-A38464DCFBA3}.Debug|Mixed Platforms.Build.0 = Debug|Any CPU
		{DDA09F6E-B072-4E15-A914-A38464DCFBA3}.Debug|Win32.ActiveCfg = Debug|Any CPU
		{DDA09F6E-B072-4E15-A914-A38464DCFBA3}.Debug|x64.ActiveCfg = Debug|Any CPU
		{DDA09F6E-B072-4E15-A914-A38464DCFBA3}.Debug|x64.Build.0 = Debug|Any CPU
		{DDA09F6E-B072-4E15-A914-A38464DCFBA3}.Final|Any CPU.ActiveCfg = Release|Any CPU
		{DDA09F6E-B072-4E15-A914-A38464DCFBA3}.Final|Any CPU.Build.0 = Release|Any CPU
		{DDA09F6E-B072-4E15-A914-A38464DCFBA3}.Final|Mixed Platforms.ActiveCfg = Release|Any CPU
		{DDA09F6E-B072-4E15-A914-A38464DCFBA3}.Final|Mixed Platforms.Build.0 = Release|Any CPU
		{DDA09F6E-B072-4E15-A914-A38464DCFBA3}.Final|Win32.ActiveCfg = Release|Any CPU
		{DDA09F6E-B072-4E15-A914-A38464DCFBA3}.Final|x64.ActiveCfg = Release|Any CPU
		{DDA09F6E-B072-4E15-A914-A38464DCFBA3}.Profile|Any CPU.ActiveCfg = Release|Any CPU
		{DDA09F6E-B072-4E15-A914-A38464DCFBA3}.Profile|Any CPU.Build.0 = Release|Any CPU
		{DDA09F6E-B072-4E15-A914-A38464DCFBA3}.Profile|Mixed Platforms.ActiveCfg = Release|Any CPU
		{DDA09F6E-B072-4E15-A914-A38464DCFBA3}.Profile|Mixed Platforms.Build.0 = Release|Any CPU
		{DDA09F6E-B072-4E15-A914-A38464DCFBA3}.Profile|Win32.ActiveCfg = Release|Any CPU
		{DDA09F6E-B072-4E15-A914-A38464DCFBA3}.Profile|x64.ActiveCfg = Release|Any CPU
		{DDA09F6E-B072-4E15-A914-A38464DCFBA3}.Release|Any CPU.ActiveCfg = Release|Any CPU
		{DDA09F6E-B072-4E15-A914-A38464DCFBA3}.Release|Any CPU.Build.0 = Release|Any CPU
		{DDA09F6E-B072-4E15-A914-A38464DCFBA3}.Release|Mixed Platforms.ActiveCfg = Release|Any CPU
		{DDA09F6E-B072-4E15-A914-A38464DCFBA3}.Release|Mixed Platforms.Build.0 = Release|Any CPU
		{DDA09F6E-B072-4E15-A914-A38464DCFBA3}.Release|Win32.ActiveCfg = Release|Any CPU
		{DDA09F6E-B072-4E15-A914-A38464DCFBA3}.Release|x64.ActiveCfg = Release|Any CPU
		{AC471D71-ECC0-4E0D-AB40-2C29847C0E73}.Debug|Any CPU.ActiveCfg = Debug|Win32
		{AC471D71-ECC0-4E0D-AB40-2C29847C0E73}.Debug|Mixed Platforms.ActiveCfg = Debug|Win32
		{AC471D71-ECC0-4E0D-AB40-2C29847C0E73}.Debug|Mixed Platforms.Build.0 = Debug|Win32
		{AC471D71-ECC0-4E0D-AB40-2C29847C0E73}.Debug|Win32.ActiveCfg = Debug|Win32
		{AC471D71-ECC0-4E0D-AB40-2C29847C0E73}.Debug|Win32.Build.0 = Debug|Win32
		{AC471D71-ECC0-4E0D-AB40-2C29847C0E73}.Debug|x64.ActiveCfg = Debug|x64
		{AC471D71-ECC0-4E0D-AB40-2C29847C0E73}.Debug|x64.Build.0 = Debug|x64
		{AC471D71-ECC0-4E0D-AB40-2C29847C0E73}.Final|Any CPU.ActiveCfg = Final|Win32
		{AC471D71-ECC0-4E0D-AB40-2C29847C0E73}.Final|Mixed Platforms.ActiveCfg = Final|Win32
		{AC471D71-ECC0-4E0D-AB40-2C29847C0E73}.Final|Mixed Platforms.Build.0 = Final|Win32
		{AC471D71-ECC0-4E0D-AB40-2C29847C0E73}.Final|Win32.ActiveCfg = Final|Win32
		{AC471D71-ECC0-4E0D-AB40-2C29847C0E73}.Final|Win32.Build.0 = Final|Win32
		{AC471D71-ECC0-4E0D-AB40-2C29847C0E73}.Final|x64.ActiveCfg = Final|x64
		{AC471D71-ECC0-4E0D-AB40-2C29847C0E73}.Final|x64.Build.0 = Final|x64
		{AC471D71-ECC0-4E0D-AB40-2C29847C0E73}.Profile|Any CPU.ActiveCfg = Release|Win32
		{AC471D71-ECC0-4E0D-AB40-2C29847C0E73}.Profile|Mixed Platforms.ActiveCfg = Release|Win32
		{AC471D71-ECC0-4E0D-AB40-2C29847C0E73}.Profile|Mixed Platforms.Build.0 = Release|Win32
		{AC471D71-ECC0-4E0D-AB40-2C29847C0E73}.Profile|Win32.ActiveCfg = Release|Win32
		{AC471D71-ECC0-4E0D-AB40-2C29847C0E73}.Profile|Win32.Build.0 = Release|Win32
		{AC471D71-ECC0-4E0D-AB40-2C29847C0E73}.Profile|x64.ActiveCfg = Release|x64
		{AC471D71-ECC0-4E0D-AB40-2C29847C0E73}.Profile|x64.Build.0 = Release|x64
		{AC471D71-ECC0-4E0D-AB40-2C29847C0E73}.Release|Any CPU.ActiveCfg = Release|Win32
		{AC471D71-ECC0-4E0D-AB40-2C29847C0E73}.Release|Mixed Platforms.ActiveCfg = Release|Win32
		{AC471D71-ECC0-4E0D-AB40-2C29847C0E73}.Release|Mixed Platforms.Build.0 = Release|Win32
		{AC471D71-ECC0-4E0D-AB40-2C29847C0E73}.Release|Win32.ActiveCfg = Release|Win32
		{AC471D71-ECC0-4E0D-AB40-2C29847C0E73}.Release|Win32.Build.0 = Release|Win32
		{AC471D71-ECC0-4E0D-AB40-2C29847C0E73}.Release|x64.ActiveCfg = Release|x64
		{AC471D71-ECC0-4E0D-AB40-2C29847C0E73}.Release|x64.Build.0 = Release|x64
	EndGlobalSection
	GlobalSection(SolutionProperties) = preSolution
		HideSolutionNode = FALSE
	EndGlobalSection
	GlobalSection(NestedProjects) = preSolution
		{E0B52AE7-E160-4D32-BF3F-910B785E5A8E} = {D966E973-7206-4EAD-AA1B-E382F198888E}
		{371B9FA9-4C90-4AC6-A123-ACED756D6C77} = {D966E973-7206-4EAD-AA1B-E382F198888E}
		{7329B02D-C504-482A-A156-181D48CE493C} = {D966E973-7206-4EAD-AA1B-E382F198888E}
	EndGlobalSection
EndGlobal
